{
  "name": "02-practicenpm",
  "version": "1.0.0",
  "lockfileVersion": 2,
  "requires": true,
  "packages": {
    "": {
      "name": "02-practicenpm",
      "version": "1.0.0",
      "license": "ISC",
      "dependencies": {
        "@sineverba/date-convert": "^1.3.0"
      }
    },
    "node_modules/@sineverba/date-convert": {
      "version": "1.3.0",
      "resolved": "https://registry.npmjs.org/@sineverba/date-convert/-/date-convert-1.3.0.tgz",
      "integrity": "sha512-FkA+ZwRHhtdsS/96YCSJEzKrKKClIrAuccT65DMRi8C8abVWz+lwU9glsBf4pECiDCiL6je7hipeP6wgPWvAZg==",
      "dependencies": {
        "moment": "^2.29.3"
      },
      "engines": {
        "node": ">=10"
      }
    },
    "node_modules/moment": {
      "version": "2.29.4",
      "resolved": "https://registry.npmjs.org/moment/-/moment-2.29.4.tgz",
      "integrity": "sha512-5LC9SOxjSc2HF6vO2CyuTDNivEdoz2IvyJJGj6X8DJ0eFyfszE0QiEd+iXmBvUP3WHxSjFH/vIsA0EN00cgr8w==",
      "engines": {
        "node": "*"
      }
    }
  },
  "dependencies": {
    "@sineverba/date-convert": {
      "version": "1.3.0",
      "resolved": "https://registry.npmjs.org/@sineverba/date-convert/-/date-convert-1.3.0.tgz",
      "integrity": "sha512-FkA+ZwRHhtdsS/96YCSJEzKrKKClIrAuccT65DMRi8C8abVWz+lwU9glsBf4pECiDCiL6je7hipeP6wgPWvAZg==",
      "requires": {
        "moment": "^2.29.3"
      }
    },
    "moment": {
      "version": "2.29.4",
      "resolved": "https://registry.npmjs.org/moment/-/moment-2.29.4.tgz",
      "integrity": "sha512-5LC9SOxjSc2HF6vO2CyuTDNivEdoz2IvyJJGj6X8DJ0eFyfszE0QiEd+iXmBvUP3WHxSjFH/vIsA0EN00cgr8w=="
    }
  }
}
